
Microsoft Visual Studio Solution File, Format Version 12.00
# Visual Studio 15
VisualStudioVersion = 15.0.28307.271
MinimumVisualStudioVersion = 10.0.40219.1
Project("{FAE04EC0-301F-11D3-BF4B-00C04F79EFBC}") = "FinanceViewerASP.NET", "FinanceViewerASP.NET\FinanceViewerASP.NET.csproj", "{EE44C0DA-4A57-441E-91B0-DD1F2744D70D}"
EndProject
Global
	GlobalSection(SolutionConfigurationPlatforms) = preSolution
		Debug|Any CPU = Debug|Any CPU
		Release|Any CPU = Release|Any CPU
	EndGlobalSection
	GlobalSection(ProjectConfigurationPlatforms) = postSolution
		{EE44C0DA-4A57-441E-91B0-DD1F2744D70D}.Debug|Any CPU.ActiveCfg = Debug|Any CPU
		{EE44C0DA-4A57-441E-91B0-DD1F2744D70D}.Debug|Any CPU.Build.0 = Debug|Any CPU
		{EE44C0DA-4A57-441E-91B0-DD1F2744D70D}.Release|Any CPU.ActiveCfg = Release|Any CPU
		{EE44C0DA-4A57-441E-91B0-DD1F2744D70D}.Release|Any CPU.Build.0 = Release|Any CPU
	EndGlobalSection
	GlobalSection(SolutionProperties) = preSolution
		HideSolutionNode = FALSE
	EndGlobalSection
	GlobalSection(ExtensibilityGlobals) = postSolution
		SolutionGuid = {6D60C2E4-8531-402F-BC90-1552DF5D4050}
	EndGlobalSection
EndGlobal
